
Microsoft Visual Studio Solution File, Format Version 12.00
# Visual Studio Version 17
VisualStudioVersion = 17.5.33627.172
MinimumVisualStudioVersion = 10.0.40219.1
Project("{9A19103F-16F7-4668-BE54-9A1E7A4F7556}") = "UserAPI", "UserAPI\UserAPI.csproj", "{B7C53B61-5EA8-4616-8CCA-B11D18779481}"
EndProject
Project("{9A19103F-16F7-4668-BE54-9A1E7A4F7556}") = "TicketAPI", "TicketAPI\TicketAPI.csproj", "{34C035BA-7487-4A99-BB65-E007581AF2B1}"
EndProject
Project("{FAE04EC0-301F-11D3-BF4B-00C04F79EFBC}") = "LogsAPI", "LogsAPI\LogsAPI.csproj", "{B4364380-3693-4812-B69C-90883B369397}"
EndProject
Global
	GlobalSection(SolutionConfigurationPlatforms) = preSolution
		Debug|Any CPU = Debug|Any CPU
		Release|Any CPU = Release|Any CPU
	EndGlobalSection
	GlobalSection(ProjectConfigurationPlatforms) = postSolution
		{B7C53B61-5EA8-4616-8CCA-B11D18779481}.Debug|Any CPU.ActiveCfg = Debug|Any CPU
		{B7C53B61-5EA8-4616-8CCA-B11D18779481}.Debug|Any CPU.Build.0 = Debug|Any CPU
		{B7C53B61-5EA8-4616-8CCA-B11D18779481}.Release|Any CPU.ActiveCfg = Release|Any CPU
		{B7C53B61-5EA8-4616-8CCA-B11D18779481}.Release|Any CPU.Build.0 = Release|Any CPU
		{34C035BA-7487-4A99-BB65-E007581AF2B1}.Debug|Any CPU.ActiveCfg = Debug|Any CPU
		{34C035BA-7487-4A99-BB65-E007581AF2B1}.Debug|Any CPU.Build.0 = Debug|Any CPU
		{34C035BA-7487-4A99-BB65-E007581AF2B1}.Release|Any CPU.ActiveCfg = Release|Any CPU
		{34C035BA-7487-4A99-BB65-E007581AF2B1}.Release|Any CPU.Build.0 = Release|Any CPU
		{B4364380-3693-4812-B69C-90883B369397}.Debug|Any CPU.ActiveCfg = Debug|Any CPU
		{B4364380-3693-4812-B69C-90883B369397}.Debug|Any CPU.Build.0 = Debug|Any CPU
		{B4364380-3693-4812-B69C-90883B369397}.Release|Any CPU.ActiveCfg = Release|Any CPU
		{B4364380-3693-4812-B69C-90883B369397}.Release|Any CPU.Build.0 = Release|Any CPU
	EndGlobalSection
	GlobalSection(SolutionProperties) = preSolution
		HideSolutionNode = FALSE
	EndGlobalSection
	GlobalSection(ExtensibilityGlobals) = postSolution
		SolutionGuid = {962AA18C-D1AF-4594-AA3E-B154A07A39D1}
	EndGlobalSection
EndGlobal
